version: 1
files:
  app\locales\en.json:
    hero.peace_of_mind: ab04cfef444d07b695b320d748560c43
    hero.secure_future: 59f80c46823fd60176004e634ec4fde0
    hero.start_today: 8ba76c4de1018a8b9577882fa96a9957
    how_it_works.title: a0783f089e951a85519e4eebcbb23995
    how_it_works.subtitle: cd76f8099328d84db744595027f11fc6
    how_it_works.description: 803c9d691e8ec065dfd6ea0d0a08ffdb
    how_it_works.step_1.title: e4e98a6922b4bed83c16ba4943267cff
    how_it_works.step_1.description: f9313018e8d911ff12427eb5f0ad8973
    how_it_works.step_2.title: 25c0871d5c158e2e78be37af407e8af2
    how_it_works.step_2.description: 2ee3083ebf55c1887c7f630cb93fd0fa
    how_it_works.step_3.title: 2a000671098048fae70d8869845485d0
    how_it_works.step_3.description: 365dc11d9cb9f90b259b5ceac03672dd
    value_proposition.title: e3cbb4a3d35586b89ab2c57cb467ec1e
    value_proposition.description: df34d53320dbc9617d3b4fc7c8ead61a
    features.personalized_recommendations: 60178e9bea87234e2bc0bd22a09b20a4
    features.personalized_recommendations_description: d990b63c96a1394a706baf6456b1e7b6
    features.expert_support: 9cf8f8b9ea7d0507fa406a74f1e5f3d1
    features.expert_support_description: cc5a05124e95a6cf785865a81eddbb8c
    features.seamless_application: 434be63db512835f6ba0401a300119b1
    features.seamless_application_description: 83dd720b3f8ec698e25ce9a66ff101d6
    stats.years: d35d94a2d8e211b82501e20bf3be1639
    stats.satisfaction: a6c39b594b2fe338b7dc0f3597489806
    stats.families_protected: d87fac9ac00f26e88ad546ca8d22b41a
    footer.getInsurance: 9ea410c7d0d922e138daee3250abb7f1
    footer.contactUs: 9cfc9b74983d504ec71db33967591249
    footer.phone: 3578b450b342f41d48ba0e5809c765a8
    footer.email: 2e39d1e506e3e62797a595d18be9753c
    footer.socialLinks.facebook: d85544fce402c7a2a96a48078edaf203
    footer.socialLinks.twitter: 2491bc9c7d8731e1ae33124093bc7026
    footer.socialLinks.linkedin: e884c507c5198a4578a84498f7a323e2
    footer.company.name: aafa87130465c30b321e366d4996bc33
    testimonials.title: 92dc5e23f4839d3080359d038a16ee3c
    testimonials.list.0.content: 56440584726e0cfbce2e7f193fdc4832
    testimonials.list.0.highlightedText: 674de953a03be990e3e01e89437694e7
    testimonials.list.0.author.name: 22338553db9976a27d68d293ad41c45c
    testimonials.list.0.author.role: 64dd92b2c097b9f49d15ce370e8a69eb
    testimonials.list.1.content: 296e062586040e3b3e22aab22251fb15
    testimonials.list.1.highlightedText: 6dc8cc94198a81cf64ccde53fb1dddf4
    testimonials.list.1.author.name: e144e262e1c2710b4fd493419c2d25f8
    testimonials.list.1.author.role: d2e7650c63e3fb24b4d680bda6320c32
    testimonials.list.2.content: 0bee1184fe9e4cade6726a7eae90cd4d
    testimonials.list.2.highlightedText: ea52242118900c594c385a25cdf77ada
    testimonials.list.2.author.name: c4f7cd493b2d1c124f9fd24a4664a1de
    testimonials.list.2.author.role: e2b020918b92aefed5e6eb1c3b944984
    testimonials.list.3.content: 9c70c9e2f586754502a4d5968471517f
    testimonials.list.3.highlightedText: fb79e18f0e1b5cbcdd5e22a4c563f48c
    testimonials.list.3.author.name: cac05d0e1f96dd572aedb7ad18c4528e
    testimonials.list.3.author.role: d3947a28f4f1728c5e6c5ea3574e511b
